
Microsoft Visual Studio Solution File, Format Version 12.00
# Visual Studio 2012
Project("{FAE04EC0-301F-11D3-BF4B-00C04F79EFBC}") = "GauteAppen.Android", "GauteAppen.Android\GauteAppen.Android.csproj", "{184E7512-D54D-44BE-8421-A46C6230FF13}"
EndProject
Project("{FAE04EC0-301F-11D3-BF4B-00C04F79EFBC}") = "GauteAppen.iOS", "GauteAppen.iOS\GauteAppen.iOS.csproj", "{E69D661C-FDBD-4F2D-975E-C2510CD182F2}"
EndProject
Project("{FAE04EC0-301F-11D3-BF4B-00C04F79EFBC}") = "GauteAppen", "GauteAppen\GauteAppen.csproj", "{3EF1AAFB-B8F3-4716-8918-8C12E55D9BD4}"
EndProject
Global
	GlobalSection(SolutionConfigurationPlatforms) = preSolution
		Debug|Any CPU = Debug|Any CPU
		Release|Any CPU = Release|Any CPU
		Debug|iPhoneSimulator = Debug|iPhoneSimulator
		Release|iPhoneSimulator = Release|iPhoneSimulator
		Debug|iPhone = Debug|iPhone
		Release|iPhone = Release|iPhone
		Ad-Hoc|iPhone = Ad-Hoc|iPhone
		AppStore|iPhone = AppStore|iPhone
	EndGlobalSection
	GlobalSection(ProjectConfigurationPlatforms) = postSolution
		{184E7512-D54D-44BE-8421-A46C6230FF13}.Debug|Any CPU.ActiveCfg = Debug|Any CPU
		{184E7512-D54D-44BE-8421-A46C6230FF13}.Debug|Any CPU.Build.0 = Debug|Any CPU
		{184E7512-D54D-44BE-8421-A46C6230FF13}.Release|Any CPU.ActiveCfg = Release|Any CPU
		{184E7512-D54D-44BE-8421-A46C6230FF13}.Release|Any CPU.Build.0 = Release|Any CPU
		{184E7512-D54D-44BE-8421-A46C6230FF13}.Debug|iPhoneSimulator.ActiveCfg = Debug|Any CPU
		{184E7512-D54D-44BE-8421-A46C6230FF13}.Debug|iPhoneSimulator.Build.0 = Debug|Any CPU
		{184E7512-D54D-44BE-8421-A46C6230FF13}.Release|iPhoneSimulator.ActiveCfg = Release|Any CPU
		{184E7512-D54D-44BE-8421-A46C6230FF13}.Release|iPhoneSimulator.Build.0 = Release|Any CPU
		{184E7512-D54D-44BE-8421-A46C6230FF13}.Debug|iPhone.ActiveCfg = Debug|Any CPU
		{184E7512-D54D-44BE-8421-A46C6230FF13}.Debug|iPhone.Build.0 = Debug|Any CPU
		{184E7512-D54D-44BE-8421-A46C6230FF13}.Release|iPhone.ActiveCfg = Release|Any CPU
		{184E7512-D54D-44BE-8421-A46C6230FF13}.Release|iPhone.Build.0 = Release|Any CPU
		{184E7512-D54D-44BE-8421-A46C6230FF13}.Ad-Hoc|iPhone.ActiveCfg = Debug|Any CPU
		{184E7512-D54D-44BE-8421-A46C6230FF13}.Ad-Hoc|iPhone.Build.0 = Debug|Any CPU
		{184E7512-D54D-44BE-8421-A46C6230FF13}.AppStore|iPhone.ActiveCfg = Debug|Any CPU
		{184E7512-D54D-44BE-8421-A46C6230FF13}.AppStore|iPhone.Build.0 = Debug|Any CPU
		{E69D661C-FDBD-4F2D-975E-C2510CD182F2}.Debug|Any CPU.ActiveCfg = Debug|iPhoneSimulator
		{E69D661C-FDBD-4F2D-975E-C2510CD182F2}.Debug|Any CPU.Build.0 = Debug|iPhoneSimulator
		{E69D661C-FDBD-4F2D-975E-C2510CD182F2}.Release|Any CPU.ActiveCfg = Release|iPhoneSimulator
		{E69D661C-FDBD-4F2D-975E-C2510CD182F2}.Release|Any CPU.Build.0 = Release|iPhoneSimulator
		{E69D661C-FDBD-4F2D-975E-C2510CD182F2}.Debug|iPhoneSimulator.ActiveCfg = Debug|iPhoneSimulator
		{E69D661C-FDBD-4F2D-975E-C2510CD182F2}.Debug|iPhoneSimulator.Build.0 = Debug|iPhoneSimulator
		{E69D661C-FDBD-4F2D-975E-C2510CD182F2}.Release|iPhoneSimulator.ActiveCfg = Release|iPhoneSimulator
		{E69D661C-FDBD-4F2D-975E-C2510CD182F2}.Release|iPhoneSimulator.Build.0 = Release|iPhoneSimulator
		{E69D661C-FDBD-4F2D-975E-C2510CD182F2}.Debug|iPhone.ActiveCfg = Debug|iPhone
		{E69D661C-FDBD-4F2D-975E-C2510CD182F2}.Debug|iPhone.Build.0 = Debug|iPhone
		{E69D661C-FDBD-4F2D-975E-C2510CD182F2}.Release|iPhone.ActiveCfg = Release|iPhone
		{E69D661C-FDBD-4F2D-975E-C2510CD182F2}.Release|iPhone.Build.0 = Release|iPhone
		{E69D661C-FDBD-4F2D-975E-C2510CD182F2}.Ad-Hoc|iPhone.ActiveCfg = Ad-Hoc|iPhone
		{E69D661C-FDBD-4F2D-975E-C2510CD182F2}.Ad-Hoc|iPhone.Build.0 = Ad-Hoc|iPhone
		{E69D661C-FDBD-4F2D-975E-C2510CD182F2}.AppStore|iPhone.ActiveCfg = AppStore|iPhone
		{E69D661C-FDBD-4F2D-975E-C2510CD182F2}.AppStore|iPhone.Build.0 = AppStore|iPhone
		{3EF1AAFB-B8F3-4716-8918-8C12E55D9BD4}.Debug|Any CPU.ActiveCfg = Debug|Any CPU
		{3EF1AAFB-B8F3-4716-8918-8C12E55D9BD4}.Debug|Any CPU.Build.0 = Debug|Any CPU
		{3EF1AAFB-B8F3-4716-8918-8C12E55D9BD4}.Release|Any CPU.ActiveCfg = Release|Any CPU
		{3EF1AAFB-B8F3-4716-8918-8C12E55D9BD4}.Release|Any CPU.Build.0 = Release|Any CPU
		{3EF1AAFB-B8F3-4716-8918-8C12E55D9BD4}.Debug|iPhoneSimulator.ActiveCfg = Debug|Any CPU
		{3EF1AAFB-B8F3-4716-8918-8C12E55D9BD4}.Debug|iPhoneSimulator.Build.0 = Debug|Any CPU
		{3EF1AAFB-B8F3-4716-8918-8C12E55D9BD4}.Release|iPhoneSimulator.ActiveCfg = Release|Any CPU
		{3EF1AAFB-B8F3-4716-8918-8C12E55D9BD4}.Release|iPhoneSimulator.Build.0 = Release|Any CPU
		{3EF1AAFB-B8F3-4716-8918-8C12E55D9BD4}.Debug|iPhone.ActiveCfg = Debug|Any CPU
		{3EF1AAFB-B8F3-4716-8918-8C12E55D9BD4}.Debug|iPhone.Build.0 = Debug|Any CPU
		{3EF1AAFB-B8F3-4716-8918-8C12E55D9BD4}.Release|iPhone.ActiveCfg = Release|Any CPU
		{3EF1AAFB-B8F3-4716-8918-8C12E55D9BD4}.Release|iPhone.Build.0 = Release|Any CPU
		{3EF1AAFB-B8F3-4716-8918-8C12E55D9BD4}.Ad-Hoc|iPhone.ActiveCfg = Debug|Any CPU
		{3EF1AAFB-B8F3-4716-8918-8C12E55D9BD4}.Ad-Hoc|iPhone.Build.0 = Debug|Any CPU
		{3EF1AAFB-B8F3-4716-8918-8C12E55D9BD4}.AppStore|iPhone.ActiveCfg = Debug|Any CPU
		{3EF1AAFB-B8F3-4716-8918-8C12E55D9BD4}.AppStore|iPhone.Build.0 = Debug|Any CPU
	EndGlobalSection
EndGlobal
